{
  "name": "Nonebot_AyaSanKo",
  "lockfileVersion": 3,
  "requires": true,
  "packages": {
    "": {
      "dependencies": {
        "oh-my-opencode-windows-x64": "^3.8.2"
      }
    },
    "node_modules/oh-my-opencode-windows-x64": {
      "version": "3.8.2",
      "resolved": "https://registry.npmjs.org/oh-my-opencode-windows-x64/-/oh-my-opencode-windows-x64-3.8.2.tgz",
      "integrity": "sha512-SUJjD3IlWH9XuL6231xp2l1WenMBdD+Zs+4VY34LwZP90/0CfwcZegGamkC5poVHKWX/qEGbY6+dXrEBBut7Ww==",
      "cpu": [
        "x64"
      ],
      "license": "MIT",
      "os": [
        "win32"
      ],
      "bin": {
        "oh-my-opencode": "bin/oh-my-opencode.exe"
      }
    }
  }
}
